// !$*UTF8*$!
{
	archiveVersion = 1;
	classes = {
	};
	objectVersion = 48;
	objects = {

/* Begin PBXBuildFile section */
		A17A60CE20642411002BAF08 /* AppDelegate.swift in Sources */ = {isa = PBXBuildFile; fileRef = A17A60CD20642411002BAF08 /* AppDelegate.swift */; };
		A17A60D320642411002BAF08 /* Main.storyboard in Resources */ = {isa = PBXBuildFile; fileRef = A17A60D120642411002BAF08 /* Main.storyboard */; };
		A17A60D520642411002BAF08 /* Assets.xcassets in Resources */ = {isa = PBXBuildFile; fileRef = A17A60D420642411002BAF08 /* Assets.xcassets */; };
		A17A60D820642411002BAF08 /* LaunchScreen.storyboard in Resources */ = {isa = PBXBuildFile; fileRef = A17A60D620642411002BAF08 /* LaunchScreen.storyboard */; };
		A17A60E020642C91002BAF08 /* event.json in Resources */ = {isa = PBXBuildFile; fileRef = A17A60DF20642C91002BAF08 /* event.json */; };
		A17A60E22064309C002BAF08 /* Event.swift in Sources */ = {isa = PBXBuildFile; fileRef = A17A60E12064309C002BAF08 /* Event.swift */; };
		A17A60E4206430B6002BAF08 /* User.swift in Sources */ = {isa = PBXBuildFile; fileRef = A17A60E3206430B6002BAF08 /* User.swift */; };
		A17A60E6206450F1002BAF08 /* JSONParser.swift in Sources */ = {isa = PBXBuildFile; fileRef = A17A60E5206450F1002BAF08 /* JSONParser.swift */; };
		A17A60E820645F61002BAF08 /* EventListViewController.swift in Sources */ = {isa = PBXBuildFile; fileRef = A17A60E720645F61002BAF08 /* EventListViewController.swift */; };
/* End PBXBuildFile section */

/* Begin PBXFileReference section */
		A17A60CA20642411002BAF08 /* JustAddYoga.app */ = {isa = PBXFileReference; explicitFileType = wrapper.application; includeInIndex = 0; path = JustAddYoga.app; sourceTree = BUILT_PRODUCTS_DIR; };
		A17A60CD20642411002BAF08 /* AppDelegate.swift */ = {isa = PBXFileReference; lastKnownFileType = sourcecode.swift; path = AppDelegate.swift; sourceTree = "<group>"; };
		A17A60D220642411002BAF08 /* Base */ = {isa = PBXFileReference; lastKnownFileType = file.storyboard; name = Base; path = Base.lproj/Main.storyboard; sourceTree = "<group>"; };
		A17A60D420642411002BAF08 /* Assets.xcassets */ = {isa = PBXFileReference; lastKnownFileType = folder.assetcatalog; path = Assets.xcassets; sourceTree = "<group>"; };
		A17A60D720642411002BAF08 /* Base */ = {isa = PBXFileReference; lastKnownFileType = file.storyboard; name = Base; path = Base.lproj/LaunchScreen.storyboard; sourceTree = "<group>"; };
		A17A60D920642411002BAF08 /* Info.plist */ = {isa = PBXFileReference; lastKnownFileType = text.plist.xml; path = Info.plist; sourceTree = "<group>"; };
		A17A60DF20642C91002BAF08 /* event.json */ = {isa = PBXFileReference; lastKnownFileType = text.json; path = event.json; sourceTree = "<group>"; };
		A17A60E12064309C002BAF08 /* Event.swift */ = {isa = PBXFileReference; lastKnownFileType = sourcecode.swift; path = Event.swift; sourceTree = "<group>"; };
		A17A60E3206430B6002BAF08 /* User.swift */ = {isa = PBXFileReference; lastKnownFileType = sourcecode.swift; path = User.swift; sourceTree = "<group>"; };
		A17A60E5206450F1002BAF08 /* JSONParser.swift */ = {isa = PBXFileReference; lastKnownFileType = sourcecode.swift; path = JSONParser.swift; sourceTree = "<group>"; };
		A17A60E720645F61002BAF08 /* EventListViewController.swift */ = {isa = PBXFileReference; lastKnownFileType = sourcecode.swift; path = EventListViewController.swift; sourceTree = "<group>"; };
/* End PBXFileReference section */

/* Begin PBXFrameworksBuildPhase section */
		A17A60C720642411002BAF08 /* Frameworks */ = {
			isa = PBXFrameworksBuildPhase;
			buildActionMask = 2147483647;
			files = (
			);
			runOnlyForDeploymentPostprocessing = 0;
		};
/* End PBXFrameworksBuildPhase section */

/* Begin PBXGroup section */
		A17A60C120642410002BAF08 = {
			isa = PBXGroup;
			children = (
				A17A60DF20642C91002BAF08 /* event.json */,
				A17A60CC20642411002BAF08 /* JustAddYoga */,
				A17A60CB20642411002BAF08 /* Products */,
			);
			sourceTree = "<group>";
		};
		A17A60CB20642411002BAF08 /* Products */ = {
			isa = PBXGroup;
			children = (
				A17A60CA20642411002BAF08 /* JustAddYoga.app */,
			);
			name = Products;
			sourceTree = "<group>";
		};
		A17A60CC20642411002BAF08 /* JustAddYoga */ = {
			isa = PBXGroup;
			children = (
				A17A60E720645F61002BAF08 /* EventListViewController.swift */,
				A17A60CD20642411002BAF08 /* AppDelegate.swift */,
				A17A60E12064309C002BAF08 /* Event.swift */,
				A17A60E5206450F1002BAF08 /* JSONParser.swift */,
				A17A60E3206430B6002BAF08 /* User.swift */,
				A17A60D120642411002BAF08 /* Main.storyboard */,
				A17A60D420642411002BAF08 /* Assets.xcassets */,
				A17A60D620642411002BAF08 /* LaunchScreen.storyboard */,
				A17A60D920642411002BAF08 /* Info.plist */,
			);
			path = JustAddYoga;
			sourceTree = "<group>";
		};
/* End PBXGroup section */

/* Begin PBXNativeTarget section */
		A17A60C920642411002BAF08 /* JustAddYoga */ = {
			isa = PBXNativeTarget;
			buildConfigurationList = A17A60DC20642411002BAF08 /* Build configuration list for PBXNativeTarget "JustAddYoga" */;
			buildPhases = (
				A17A60C620642411002BAF08 /* Sources */,
				A17A60C720642411002BAF08 /* Frameworks */,
				A17A60C820642411002BAF08 /* Resources */,
			);
			buildRules = (
			);
			dependencies = (
			);
			name = JustAddYoga;
			productName = JustAddYoga;
			productReference = A17A60CA20642411002BAF08 /* JustAddYoga.app */;
			productType = "com.apple.product-type.application";
		};
/* End PBXNativeTarget section */

/* Begin PBXProject section */
		A17A60C220642410002BAF08 /* Project object */ = {
			isa = PBXProject;
			attributes = {
				LastSwiftUpdateCheck = 0920;
				LastUpgradeCheck = 0930;
				ORGANIZATIONNAME = "David Porter";
				TargetAttributes = {
					A17A60C920642411002BAF08 = {
						CreatedOnToolsVersion = 9.2;
						ProvisioningStyle = Automatic;
					};
				};
			};
			buildConfigurationList = A17A60C520642410002BAF08 /* Build configuration list for PBXProject "JustAddYoga" */;
			compatibilityVersion = "Xcode 8.0";
			developmentRegion = en;
			hasScannedForEncodings = 0;
			knownRegions = (
				en,
				Base,
			);
			mainGroup = A17A60C120642410002BAF08;
			productRefGroup = A17A60CB20642411002BAF08 /* Products */;
			projectDirPath = "";
			projectRoot = "";
			targets = (
				A17A60C920642411002BAF08 /* JustAddYoga */,
			);
		};
/* End PBXProject section */

/* Begin PBXResourcesBuildPhase section */
		A17A60C820642411002BAF08 /* Resources */ = {
			isa = PBXResourcesBuildPhase;
			buildActionMask = 2147483647;
			files = (
				A17A60E020642C91002BAF08 /* event.json in Resources */,
				A17A60D820642411002BAF08 /* LaunchScreen.storyboard in Resources */,
				A17A60D520642411002BAF08 /* Assets.xcassets in Resources */,
				A17A60D320642411002BAF08 /* Main.storyboard in Resources */,
			);
			runOnlyForDeploymentPostprocessing = 0;
		};
/* End PBXResourcesBuildPhase section */

/* Begin PBXSourcesBuildPhase section */
		A17A60C620642411002BAF08 /* Sources */ = {
			isa = PBXSourcesBuildPhase;
			buildActionMask = 2147483647;
			files = (
				A17A60E820645F61002BAF08 /* EventListViewController.swift in Sources */,
				A17A60E4206430B6002BAF08 /* User.swift in Sources */,
				A17A60E6206450F1002BAF08 /* JSONParser.swift in Sources */,
				A17A60E22064309C002BAF08 /* Event.swift in Sources */,
				A17A60CE20642411002BAF08 /* AppDelegate.swift in Sources */,
			);
			runOnlyForDeploymentPostprocessing = 0;
		};
/* End PBXSourcesBuildPhase section */

/* Begin PBXVariantGroup section */
		A17A60D120642411002BAF08 /* Main.storyboard */ = {
			isa = PBXVariantGroup;
			children = (
				A17A60D220642411002BAF08 /* Base */,
			);
			name = Main.storyboard;
			sourceTree = "<group>";
		};
		A17A60D620642411002BAF08 /* LaunchScreen.storyboard */ = {
			isa = PBXVariantGroup;
			children = (
				A17A60D720642411002BAF08 /* Base */,
			);
			name = LaunchScreen.storyboard;
			sourceTree = "<group>";
		};
/* End PBXVariantGroup section */

/* Begin XCBuildConfiguration section */
		A17A60DA20642411002BAF08 /* Debug */ = {
			isa = XCBuildConfiguration;
			buildSettings = {
				ALWAYS_SEARCH_USER_PATHS = NO;
				CLANG_ANALYZER_NONNULL = YES;
				CLANG_ANALYZER_NUMBER_OBJECT_CONVERSION = YES_AGGRESSIVE;
				CLANG_CXX_LANGUAGE_STANDARD = "gnu++14";
				CLANG_CXX_LIBRARY = "libc++";
				CLANG_ENABLE_MODULES = YES;
				CLANG_ENABLE_OBJC_ARC = YES;
				CLANG_WARN_BLOCK_CAPTURE_AUTORELEASING = YES;
				CLANG_WARN_BOOL_CONVERSION = YES;
				CLANG_WARN_COMMA = YES;
				CLANG_WARN_CONSTANT_CONVERSION = YES;
				CLANG_WARN_DEPRECATED_OBJC_IMPLEMENTATIONS = YES;
				CLANG_WARN_DIRECT_OBJC_ISA_USAGE = YES_ERROR;
				CLANG_WARN_DOCUMENTATION_COMMENTS = YES;
				CLANG_WARN_EMPTY_BODY = YES;
				CLANG_WARN_ENUM_CONVERSION = YES;
				CLANG_WARN_INFINITE_RECURSION = YES;
				CLANG_WARN_INT_CONVERSION = YES;
				CLANG_WARN_NON_LITERAL_NULL_CONVERSION = YES;
				CLANG_WARN_OBJC_IMPLICIT_RETAIN_SELF = YES;
				CLANG_WARN_OBJC_LITERAL_CONVERSION = YES;
				CLANG_WARN_OBJC_ROOT_CLASS = YES_ERROR;
				CLANG_WARN_RANGE_LOOP_ANALYSIS = YES;
				CLANG_WARN_STRICT_PROTOTYPES = YES;
				CLANG_WARN_SUSPICIOUS_MOVE = YES;
				CLANG_WARN_UNGUARDED_AVAILABILITY = YES_AGGRESSIVE;
				CLANG_WARN_UNREACHABLE_CODE = YES;
				CLANG_WARN__DUPLICATE_METHOD_MATCH = YES;
				CODE_SIGN_IDENTITY = "iPhone Developer";
				COPY_PHASE_STRIP = NO;
				DEBUG_INFORMATION_FORMAT = dwarf;
				ENABLE_STRICT_OBJC_MSGSEND = YES;
				ENABLE_TESTABILITY = YES;
				GCC_C_LANGUAGE_STANDARD = gnu11;
				GCC_DYNAMIC_NO_PIC = NO;
				GCC_NO_COMMON_BLOCKS = YES;
				GCC_OPTIMIZATION_LEVEL = 0;
				GCC_PREPROCESSOR_DEFINITIONS = (
					"DEBUG=1",
					"$(inherited)",
				);
				GCC_WARN_64_TO_32_BIT_CONVERSION = YES;
				GCC_WARN_ABOUT_RETURN_TYPE = YES_ERROR;
				GCC_WARN_UNDECLARED_SELECTOR = YES;
				GCC_WARN_UNINITIALIZED_AUTOS = YES_AGGRESSIVE;
				GCC_WARN_UNUSED_FUNCTION = YES;
				GCC_WARN_UNUSED_VARIABLE = YES;
				IPHONEOS_DEPLOYMENT_TARGET = 11.3;
				MTL_ENABLE_DEBUG_INFO = YES;
				ONLY_ACTIVE_ARCH = YES;
				SDKROOT = iphoneos;
				SWIFT_ACTIVE_COMPILATION_CONDITIONS = DEBUG;
				SWIFT_OPTIMIZATION_LEVEL = "-Onone";
			};
			name = Debug;
		};
		A17A60DB20642411002BAF08 /* Release */ = {
			isa = XCBuildConfiguration;
			buildSettings = {
				ALWAYS_SEARCH_USER_PATHS = NO;
				CLANG_ANALYZER_NONNULL = YES;
				CLANG_ANALYZER_NUMBER_OBJECT_CONVERSION = YES_AGGRESSIVE;
				CLANG_CXX_LANGUAGE_STANDARD = "gnu++14";
				CLANG_CXX_LIBRARY = "libc++";
				CLANG_ENABLE_MODULES = YES;
				CLANG_ENABLE_OBJC_ARC = YES;
				CLANG_WARN_BLOCK_CAPTURE_AUTORELEASING = YES;
				CLANG_WARN_BOOL_CONVERSION = YES;
				CLANG_WARN_COMMA = YES;
				CLANG_WARN_CONSTANT_CONVERSION = YES;
				CLANG_WARN_DEPRECATED_OBJC_IMPLEMENTATIONS = YES;
				CLANG_WARN_DIRECT_OBJC_ISA_USAGE = YES_ERROR;
				CLANG_WARN_DOCUMENTATION_COMMENTS = YES;
				CLANG_WARN_EMPTY_BODY = YES;
				CLANG_WARN_ENUM_CONVERSION = YES;
				CLANG_WARN_INFINITE_RECURSION = YES;
				CLANG_WARN_INT_CONVERSION = YES;
				CLANG_WARN_NON_LITERAL_NULL_CONVERSION = YES;
				CLANG_WARN_OBJC_IMPLICIT_RETAIN_SELF = YES;
				CLANG_WARN_OBJC_LITERAL_CONVERSION = YES;
				CLANG_WARN_OBJC_ROOT_CLASS = YES_ERROR;
				CLANG_WARN_RANGE_LOOP_ANALYSIS = YES;
				CLANG_WARN_STRICT_PROTOTYPES = YES;
				CLANG_WARN_SUSPICIOUS_MOVE = YES;
				CLANG_WARN_UNGUARDED_AVAILABILITY = YES_AGGRESSIVE;
				CLANG_WARN_UNREACHABLE_CODE = YES;
				CLANG_WARN__DUPLICATE_METHOD_MATCH = YES;
				CODE_SIGN_IDENTITY = "iPhone Developer";
				COPY_PHASE_STRIP = NO;
				DEBUG_INFORMATION_FORMAT = "dwarf-with-dsym";
				ENABLE_NS_ASSERTIONS = NO;
				ENABLE_STRICT_OBJC_MSGSEND = YES;
				GCC_C_LANGUAGE_STANDARD = gnu11;
				GCC_NO_COMMON_BLOCKS = YES;
				GCC_WARN_64_TO_32_BIT_CONVERSION = YES;
				GCC_WARN_ABOUT_RETURN_TYPE = YES_ERROR;
				GCC_WARN_UNDECLARED_SELECTOR = YES;
				GCC_WARN_UNINITIALIZED_AUTOS = YES_AGGRESSIVE;
				GCC_WARN_UNUSED_FUNCTION = YES;
				GCC_WARN_UNUSED_VARIABLE = YES;
				IPHONEOS_DEPLOYMENT_TARGET = 11.3;
				MTL_ENABLE_DEBUG_INFO = NO;
				SDKROOT = iphoneos;
				SWIFT_OPTIMIZATION_LEVEL = "-Owholemodule";
				VALIDATE_PRODUCT = YES;
			};
			name = Release;
		};
		A17A60DD20642411002BAF08 /* Debug */ = {
			isa = XCBuildConfiguration;
			buildSettings = {
				ASSETCATALOG_COMPILER_APPICON_NAME = AppIcon;
				CODE_SIGN_STYLE = Automatic;
				DEVELOPMENT_TEAM = AB9NKXMTZH;
				INFOPLIST_FILE = JustAddYoga/Info.plist;
				LD_RUNPATH_SEARCH_PATHS = "$(inherited) @executable_path/Frameworks";
				PRODUCT_BUNDLE_IDENTIFIER = com.davidporter.JustAddYoga;
				PRODUCT_NAME = "$(TARGET_NAME)";
				SWIFT_VERSION = 4.0;
				TARGETED_DEVICE_FAMILY = "1,2";
			};
			name = Debug;
		};
		A17A60DE20642411002BAF08 /* Release */ = {
			isa = XCBuildConfiguration;
			buildSettings = {
				ASSETCATALOG_COMPILER_APPICON_NAME = AppIcon;
				CODE_SIGN_STYLE = Automatic;
				DEVELOPMENT_TEAM = AB9NKXMTZH;
				INFOPLIST_FILE = JustAddYoga/Info.plist;
				LD_RUNPATH_SEARCH_PATHS = "$(inherited) @executable_path/Frameworks";
				PRODUCT_BUNDLE_IDENTIFIER = com.davidporter.JustAddYoga;
				PRODUCT_NAME = "$(TARGET_NAME)";
				SWIFT_VERSION = 4.0;
				TARGETED_DEVICE_FAMILY = "1,2";
			};
			name = Release;
		};
/* End XCBuildConfiguration section */

/* Begin XCConfigurationList section */
		A17A60C520642410002BAF08 /* Build configuration list for PBXProject "JustAddYoga" */ = {
			isa = XCConfigurationList;
			buildConfigurations = (
				A17A60DA20642411002BAF08 /* Debug */,
				A17A60DB20642411002BAF08 /* Release */,
			);
			defaultConfigurationIsVisible = 0;
			defaultConfigurationName = Release;
		};
		A17A60DC20642411002BAF08 /* Build configuration list for PBXNativeTarget "JustAddYoga" */ = {
			isa = XCConfigurationList;
			buildConfigurations = (
				A17A60DD20642411002BAF08 /* Debug */,
				A17A60DE20642411002BAF08 /* Release */,
			);
			defaultConfigurationIsVisible = 0;
			defaultConfigurationName = Release;
		};
/* End XCConfigurationList section */
	};
	rootObject = A17A60C220642410002BAF08 /* Project object */;
}
